
Microsoft Visual Studio Solution File, Format Version 12.00
# Visual Studio Version 17
VisualStudioVersion = 17.1.32407.343
MinimumVisualStudioVersion = 10.0.40219.1
Project("{8BC9CEB8-8B4A-11D0-8D11-00A0C91BC942}") = "draft", "draft.vcxproj", "{AE2CC7CD-13DB-4AD5-A9BE-A14A4A359195}"
EndProject
Global
	GlobalSection(SolutionConfigurationPlatforms) = preSolution
		Debug|x64 = Debug|x64
		Debug|x86 = Debug|x86
		Release|x64 = Release|x64
		Release|x86 = Release|x86
	EndGlobalSection
	GlobalSection(ProjectConfigurationPlatforms) = postSolution
		{AE2CC7CD-13DB-4AD5-A9BE-A14A4A359195}.Debug|x64.ActiveCfg = Debug|x64
		{AE2CC7CD-13DB-4AD5-A9BE-A14A4A359195}.Debug|x64.Build.0 = Debug|x64
		{AE2CC7CD-13DB-4AD5-A9BE-A14A4A359195}.Debug|x86.ActiveCfg = Debug|Win32
		{AE2CC7CD-13DB-4AD5-A9BE-A14A4A359195}.Debug|x86.Build.0 = Debug|Win32
		{AE2CC7CD-13DB-4AD5-A9BE-A14A4A359195}.Release|x64.ActiveCfg = Release|x64
		{AE2CC7CD-13DB-4AD5-A9BE-A14A4A359195}.Release|x64.Build.0 = Release|x64
		{AE2CC7CD-13DB-4AD5-A9BE-A14A4A359195}.Release|x86.ActiveCfg = Release|Win32
		{AE2CC7CD-13DB-4AD5-A9BE-A14A4A359195}.Release|x86.Build.0 = Release|Win32
	EndGlobalSection
	GlobalSection(SolutionProperties) = preSolution
		HideSolutionNode = FALSE
	EndGlobalSection
	GlobalSection(ExtensibilityGlobals) = postSolution
		SolutionGuid = {642B2FB1-5BEE-439C-8AED-553B84C0A14F}
	EndGlobalSection
EndGlobal
