<?xml version="1.0" encoding="utf-8"?>
<Project ToolsVersion="4.0" xmlns="http://schemas.microsoft.com/developer/msbuild/2003">
  <ItemGroup>
    <Filter Include="源文件">
      <UniqueIdentifier>{4FC737F1-C7A5-4376-A066-2A32D752A2FF}</UniqueIdentifier>
      <Extensions>cpp;c;cc;cxx;c++;cppm;ixx;def;odl;idl;hpj;bat;asm;asmx</Extensions>
    </Filter>
    <Filter Include="头文件">
      <UniqueIdentifier>{93995380-89BD-4b04-88EB-625FBE52EBFB}</UniqueIdentifier>
      <Extensions>h;hh;hpp;hxx;h++;hm;inl;inc;ipp;xsd</Extensions>
    </Filter>
    <Filter Include="资源文件">
      <UniqueIdentifier>{67DA6AB6-F800-4c08-8B7A-83BB121AAD01}</UniqueIdentifier>
      <Extensions>rc;ico;cur;bmp;dlg;rc2;rct;bin;rgs;gif;jpg;jpeg;jpe;resx;tiff;tif;png;wav;mfcribbon-ms</Extensions>
    </Filter>
  </ItemGroup>
  <ItemGroup>
    <ClCompile Include="src\args_extract.cpp">
      <Filter>源文件</Filter>
    </ClCompile>
    <ClCompile Include="src\main.cpp">
      <Filter>源文件</Filter>
    </ClCompile>
    <ClCompile Include="..\shared\hmr_args.cpp">
      <Filter>源文件</Filter>
    </ClCompile>
    <ClCompile Include="..\shared\hmr_bin_file.cpp">
      <Filter>源文件</Filter>
    </ClCompile>
    <ClCompile Include="..\shared\hmr_path.cpp">
      <Filter>源文件</Filter>
    </ClCompile>
    <ClCompile Include="..\shared\hmr_ui.cpp">
      <Filter>源文件</Filter>
    </ClCompile>
    <ClCompile Include="..\shared\hmr_enzyme.cpp">
      <Filter>源文件</Filter>
    </ClCompile>
    <ClCompile Include="..\shared\hmr_seq.cpp">
      <Filter>源文件</Filter>
    </ClCompile>
    <ClCompile Include="..\shared\hmr_contig_graph.cpp">
      <Filter>源文件</Filter>
    </ClCompile>
    <ClCompile Include="..\shared\hmr_fasta.cpp">
      <Filter>源文件</Filter>
    </ClCompile>
    <ClCompile Include="..\shared\hmr_text_file.cpp">
      <Filter>源文件</Filter>
    </ClCompile>
    <ClCompile Include="..\shared\hmr_gz.cpp">
      <Filter>源文件</Filter>
    </ClCompile>
    <ClCompile Include="..\shared\hmr_bin_queue.cpp">
      <Filter>源文件</Filter>
    </ClCompile>
    <ClCompile Include="src\extract_fasta.cpp">
      <Filter>源文件</Filter>
    </ClCompile>
    <ClCompile Include="src\extract_mapping.cpp">
      <Filter>源文件</Filter>
    </ClCompile>
    <ClCompile Include="..\shared\hmr_bam.cpp">
      <Filter>源文件</Filter>
    </ClCompile>
    <ClCompile Include="..\shared\hmr_bgzf.cpp">
      <Filter>源文件</Filter>
    </ClCompile>
    <ClCompile Include="src\extract_allele.cpp">
      <Filter>源文件</Filter>
    </ClCompile>
    <ClCompile Include="src\extract_index_map.cpp">
      <Filter>源文件</Filter>
    </ClCompile>
    <ClCompile Include="..\shared\hmr_algorithm.cpp">
      <Filter>源文件</Filter>
    </ClCompile>
    <ClCompile Include="..\shared\hmr_pairs.cpp">
      <Filter>源文件</Filter>
    </ClCompile>
  </ItemGroup>
  <ItemGroup>
    <ClInclude Include="src\args_extract.hpp">
      <Filter>头文件</Filter>
    </ClInclude>
    <ClInclude Include="..\shared\hmr_args.hpp">
      <Filter>头文件</Filter>
    </ClInclude>
    <ClInclude Include="..\shared\hmr_args_types.hpp">
      <Filter>头文件</Filter>
    </ClInclude>
    <ClInclude Include="..\shared\hmr_bin_file.hpp">
      <Filter>头文件</Filter>
    </ClInclude>
    <ClInclude Include="..\shared\hmr_path.hpp">
      <Filter>头文件</Filter>
    </ClInclude>
    <ClInclude Include="..\shared\hmr_ui.hpp">
      <Filter>头文件</Filter>
    </ClInclude>
    <ClInclude Include="..\shared\hmr_enzyme.hpp">
      <Filter>头文件</Filter>
    </ClInclude>
    <ClInclude Include="..\shared\hmr_seq.hpp">
      <Filter>头文件</Filter>
    </ClInclude>
    <ClInclude Include="..\shared\hmr_contig_graph.hpp">
      <Filter>头文件</Filter>
    </ClInclude>
    <ClInclude Include="..\shared\hmr_contig_graph_type.hpp">
      <Filter>头文件</Filter>
    </ClInclude>
    <ClInclude Include="..\shared\hmr_global.hpp">
      <Filter>头文件</Filter>
    </ClInclude>
    <ClInclude Include="..\shared\hmr_fasta.hpp">
      <Filter>头文件</Filter>
    </ClInclude>
    <ClInclude Include="..\shared\hmr_text_file.hpp">
      <Filter>头文件</Filter>
    </ClInclude>
    <ClInclude Include="..\shared\hmr_char.hpp">
      <Filter>头文件</Filter>
    </ClInclude>
    <ClInclude Include="..\shared\hmr_gz.hpp">
      <Filter>头文件</Filter>
    </ClInclude>
    <ClInclude Include="..\shared\hmr_bin_queue.hpp">
      <Filter>头文件</Filter>
    </ClInclude>
    <ClInclude Include="src\extract_fasta.hpp">
      <Filter>头文件</Filter>
    </ClInclude>
    <ClInclude Include="..\shared\hmr_thread_pool.hpp">
      <Filter>头文件</Filter>
    </ClInclude>
    <ClInclude Include="src\extract_mapping_type.hpp">
      <Filter>头文件</Filter>
    </ClInclude>
    <ClInclude Include="src\extract_mapping.hpp">
      <Filter>头文件</Filter>
    </ClInclude>
    <ClInclude Include="..\shared\hmr_bam.hpp">
      <Filter>头文件</Filter>
    </ClInclude>
    <ClInclude Include="..\shared\hmr_bgzf.hpp">
      <Filter>头文件</Filter>
    </ClInclude>
    <ClInclude Include="src\extract_fasta_type.hpp">
      <Filter>头文件</Filter>
    </ClInclude>
    <ClInclude Include="src\extract_allele.hpp">
      <Filter>头文件</Filter>
    </ClInclude>
    <ClInclude Include="src\extract_index_map.hpp">
      <Filter>头文件</Filter>
    </ClInclude>
    <ClInclude Include="..\shared\hmr_algorithm.hpp">
      <Filter>头文件</Filter>
    </ClInclude>
    <ClInclude Include="..\shared\hmr_pairs.hpp">
      <Filter>头文件</Filter>
    </ClInclude>
  </ItemGroup>
</Project>